Microsoft Visual Studio Solution File, Format Version 8.00
Project("{8BC9CEB8-8B4A-11D0-8D11-00A0C91BC942}") = "gen_activewa", "gen_activewa.vcproj", "{3E9D97FD-F89F-48F9-B69D-D30C0A8E26D4}"
	ProjectSection(ProjectDependencies) = postProject
	EndProjectSection
EndProject
Project("{8BC9CEB8-8B4A-11D0-8D11-00A0C91BC942}") = "gen_activewaPS", "gen_activewaPS.vcproj", "{DC236453-5994-4263-90D7-66B798FFFD17}"
	ProjectSection(ProjectDependencies) = postProject
		{3E9D97FD-F89F-48F9-B69D-D30C0A8E26D4} = {3E9D97FD-F89F-48F9-B69D-D30C0A8E26D4}
	EndProjectSection
EndProject
Global
	GlobalSection(DPCodeReviewSolutionGUID) = preSolution
		DPCodeReviewSolutionGUID = {00000000-0000-0000-0000-000000000000}
	EndGlobalSection
	GlobalSection(SourceCodeControl) = preSolution
		SccNumberOfProjects = 3
		SccLocalPath0 = .
		CanCheckoutShared = false
		SolutionUniqueID = {12ACC9E4-6DEA-4D52-90A2-C6699DB9D392}
		SccProjectUniqueName1 = gen_activewa.vcproj
		SccLocalPath1 = .
		CanCheckoutShared = false
		SccProjectUniqueName2 = gen_activewaPS.vcproj
		SccLocalPath2 = .
		CanCheckoutShared = false
	EndGlobalSection
	GlobalSection(SolutionConfiguration) = preSolution
		Debug = Debug
		Release = Release
	EndGlobalSection
	GlobalSection(ProjectConfiguration) = postSolution
		{3E9D97FD-F89F-48F9-B69D-D30C0A8E26D4}.Debug.ActiveCfg = Debug|Win32
		{3E9D97FD-F89F-48F9-B69D-D30C0A8E26D4}.Debug.Build.0 = Debug|Win32
		{3E9D97FD-F89F-48F9-B69D-D30C0A8E26D4}.Release.ActiveCfg = Release|Win32
		{3E9D97FD-F89F-48F9-B69D-D30C0A8E26D4}.Release.Build.0 = Release|Win32
		{DC236453-5994-4263-90D7-66B798FFFD17}.Debug.ActiveCfg = Debug|Win32
		{DC236453-5994-4263-90D7-66B798FFFD17}.Release.ActiveCfg = Release|Win32
	EndGlobalSection
	GlobalSection(ExtensibilityGlobals) = postSolution
	EndGlobalSection
	GlobalSection(ExtensibilityAddIns) = postSolution
	EndGlobalSection
EndGlobal
